{
  "version": 4,
  "terraform_version": "1.9.5",
  "serial": 53,
  "lineage": "10b03371-449e-bc58-7885-1892a8155e7e",
  "outputs": {
    "arn": {
      "value": "arn:aws:sso:::instance/ssoins-7223dca236be4b0a",
      "type": "string"
    },
    "identity_store_id": {
      "value": "d-9067d12cd3",
      "type": "string"
    }
  },
  "resources": [
    {
      "mode": "data",
      "type": "aws_ssoadmin_instances",
      "name": "general",
      "provider": "provider[\"registry.terraform.io/hashicorp/aws\"]",
      "instances": [
        {
          "schema_version": 0,
          "attributes": {
            "arns": [
              "arn:aws:sso:::instance/ssoins-7223dca236be4b0a"
            ],
            "id": "us-east-1",
            "identity_store_ids": [
              "d-9067d12cd3"
            ]
          },
          "sensitive_attributes": []
        }
      ]
    },
    {
      "module": "module.aws_route53_record_something_com[\"record_a\"]",
      "mode": "managed",
      "type": "aws_route53_record",
      "name": "general",
      "provider": "provider[\"registry.terraform.io/hashicorp/aws\"]",
      "instances": [
        {
          "schema_version": 2,
          "attributes": {
            "alias": [],
            "allow_overwrite": false,
            "cidr_routing_policy": [],
            "failover_routing_policy": [],
            "fqdn": "www.something.com",
            "geolocation_routing_policy": [],
            "geoproximity_routing_policy": [],
            "health_check_id": "",
            "id": "Z10336201ACAMH6ADZHT7_www.something.com_A",
            "latency_routing_policy": [],
            "multivalue_answer_routing_policy": false,
            "name": "www.something.com",
            "records": [
              "127.0.0.1"
            ],
            "set_identifier": "",
            "ttl": 300,
            "type": "A",
            "weighted_routing_policy": [],
            "zone_id": "Z10336201ACAMH6ADZHT7"
          },
          "sensitive_attributes": [],
          "private": "eyJzY2hlbWFfdmVyc2lvbiI6IjIifQ==",
          "dependencies": [
            "module.route53_zone_something_com.aws_route53_zone.general"
          ]
        }
      ]
    },
    {
      "module": "module.aws_route53_record_something_com[\"record_b\"]",
      "mode": "managed",
      "type": "aws_route53_record",
      "name": "general",
      "provider": "provider[\"registry.terraform.io/hashicorp/aws\"]",
      "instances": [
        {
          "schema_version": 2,
          "attributes": {
            "alias": [],
            "allow_overwrite": false,
            "cidr_routing_policy": [],
            "failover_routing_policy": [],
            "fqdn": "portal.something.com",
            "geolocation_routing_policy": [],
            "geoproximity_routing_policy": [],
            "health_check_id": "",
            "id": "Z10336201ACAMH6ADZHT7_portal.something.com_A",
            "latency_routing_policy": [],
            "multivalue_answer_routing_policy": false,
            "name": "portal.something.com",
            "records": [
              "127.0.0.1"
            ],
            "set_identifier": "",
            "ttl": 60,
            "type": "A",
            "weighted_routing_policy": [],
            "zone_id": "Z10336201ACAMH6ADZHT7"
          },
          "sensitive_attributes": [],
          "private": "eyJzY2hlbWFfdmVyc2lvbiI6IjIifQ==",
          "dependencies": [
            "module.route53_zone_something_com.aws_route53_zone.general"
          ]
        }
      ]
    },
    {
      "module": "module.idstore_group",
      "mode": "managed",
      "type": "aws_identitystore_group",
      "name": "general",
      "provider": "provider[\"registry.terraform.io/hashicorp/aws\"]",
      "instances": [
        {
          "schema_version": 0,
          "attributes": {
            "description": "identity store group for -my-ou",
            "display_name": "admin",
            "external_ids": [],
            "group_id": "e4e81468-70c1-70f0-9e53-fb7168c1a546",
            "id": "d-9067d12cd3/e4e81468-70c1-70f0-9e53-fb7168c1a546",
            "identity_store_id": "d-9067d12cd3"
          },
          "sensitive_attributes": [],
          "private": "bnVsbA==",
          "dependencies": [
            "data.aws_ssoadmin_instances.general"
          ]
        }
      ]
    },
    {
      "module": "module.org",
      "mode": "managed",
      "type": "aws_organizations_organization",
      "name": "org",
      "provider": "provider[\"registry.terraform.io/hashicorp/aws\"]",
      "instances": [
        {
          "schema_version": 0,
          "attributes": {
            "accounts": [
              {
                "arn": "arn:aws:organizations::358665735850:account/o-lmp3umcjh6/358665735850",
                "email": "pgreene@protonmail.com",
                "id": "358665735850",
                "name": "Paul Greene",
                "status": "ACTIVE"
              },
              {
                "arn": "arn:aws:organizations::358665735850:account/o-lmp3umcjh6/222634402758",
                "email": "ferensick@gmail.com",
                "id": "222634402758",
                "name": "my-aws-org",
                "status": "SUSPENDED"
              }
            ],
            "arn": "arn:aws:organizations::358665735850:organization/o-lmp3umcjh6",
            "aws_service_access_principals": [
              "cloudtrail.amazonaws.com",
              "sso.amazonaws.com"
            ],
            "enabled_policy_types": [
              "SERVICE_CONTROL_POLICY"
            ],
            "feature_set": "ALL",
            "id": "o-lmp3umcjh6",
            "master_account_arn": "arn:aws:organizations::358665735850:account/o-lmp3umcjh6/358665735850",
            "master_account_email": "pgreene@protonmail.com",
            "master_account_id": "358665735850",
            "master_account_name": "Paul Greene",
            "non_master_accounts": [
              {
                "arn": "arn:aws:organizations::358665735850:account/o-lmp3umcjh6/222634402758",
                "email": "ferensick@gmail.com",
                "id": "222634402758",
                "name": "my-aws-org",
                "status": "SUSPENDED"
              }
            ],
            "roots": [
              {
                "arn": "arn:aws:organizations::358665735850:root/o-lmp3umcjh6/r-lr75",
                "id": "r-lr75",
                "name": "Root",
                "policy_types": [
                  {
                    "status": "ENABLED",
                    "type": "SERVICE_CONTROL_POLICY"
                  }
                ]
              }
            ]
          },
          "sensitive_attributes": [],
          "private": "bnVsbA=="
        }
      ]
    },
    {
      "module": "module.org_policy",
      "mode": "managed",
      "type": "aws_organizations_policy",
      "name": "general",
      "provider": "provider[\"registry.terraform.io/hashicorp/aws\"]",
      "instances": [
        {
          "schema_version": 0,
          "attributes": {
            "arn": "arn:aws:organizations::358665735850:policy/o-lmp3umcjh6/service_control_policy/p-oet05a0l",
            "content": "{\n    \"Version\": \"2012-10-17\",\n    \"Statement\": [{\n        \"Effect\": \"Allow\",\n        \"Action\": \"*\",\n        \"Resource\": \"*\"\n    }]\n}",
            "description": "policy for -my-ou",
            "id": "p-oet05a0l",
            "name": "admin",
            "skip_destroy": null,
            "tags": {
              "created_by": "terraform",
              "environment": "prod",
              "org": "my-aws-org",
              "ou": "my-ou",
              "owner": "prdgreene@gmail.com"
            },
            "tags_all": {
              "created_by": "terraform",
              "environment": "prod",
              "org": "my-aws-org",
              "ou": "my-ou",
              "owner": "prdgreene@gmail.com"
            },
            "type": "SERVICE_CONTROL_POLICY"
          },
          "sensitive_attributes": [],
          "private": "bnVsbA=="
        }
      ]
    },
    {
      "module": "module.org_policy_attach",
      "mode": "managed",
      "type": "aws_organizations_policy_attachment",
      "name": "general",
      "provider": "provider[\"registry.terraform.io/hashicorp/aws\"]",
      "instances": [
        {
          "schema_version": 0,
          "attributes": {
            "id": "358665735850:p-oet05a0l",
            "policy_id": "p-oet05a0l",
            "skip_destroy": null,
            "target_id": "358665735850"
          },
          "sensitive_attributes": [],
          "private": "bnVsbA==",
          "dependencies": [
            "module.org_policy.aws_organizations_policy.general"
          ]
        }
      ]
    },
    {
      "module": "module.org_unit",
      "mode": "managed",
      "type": "aws_organizations_organizational_unit",
      "name": "general",
      "provider": "provider[\"registry.terraform.io/hashicorp/aws\"]",
      "instances": [
        {
          "schema_version": 0,
          "attributes": {
            "accounts": [],
            "arn": "arn:aws:organizations::358665735850:ou/o-lmp3umcjh6/ou-lr75-2j02ixvu",
            "id": "ou-lr75-2j02ixvu",
            "name": "my-ou",
            "parent_id": "r-lr75",
            "tags": {
              "created_by": "terraform",
              "environment": "prod",
              "org": "my-aws-org",
              "ou": "my-ou",
              "owner": "prdgreene@gmail.com"
            },
            "tags_all": {
              "created_by": "terraform",
              "environment": "prod",
              "org": "my-aws-org",
              "ou": "my-ou",
              "owner": "prdgreene@gmail.com"
            }
          },
          "sensitive_attributes": [],
          "private": "bnVsbA==",
          "dependencies": [
            "module.org.aws_organizations_organization.org"
          ]
        }
      ]
    },
    {
      "module": "module.route53_zone_something_com",
      "mode": "managed",
      "type": "aws_route53_zone",
      "name": "general",
      "provider": "provider[\"registry.terraform.io/hashicorp/aws\"]",
      "instances": [
        {
          "schema_version": 0,
          "attributes": {
            "arn": "arn:aws:route53:::hostedzone/Z10336201ACAMH6ADZHT7",
            "comment": "Created by terraform",
            "delegation_set_id": "",
            "force_destroy": false,
            "id": "Z10336201ACAMH6ADZHT7",
            "name": "something.com",
            "name_servers": [
              "ns-1133.awsdns-13.org",
              "ns-160.awsdns-20.com",
              "ns-1683.awsdns-18.co.uk",
              "ns-945.awsdns-54.net"
            ],
            "primary_name_server": "ns-1133.awsdns-13.org",
            "tags": {
              "created_by": "terraform",
              "environment": "prod",
              "org": "my-aws-org",
              "ou": "my-ou",
              "owner": "prdgreene@gmail.com"
            },
            "tags_all": {
              "created_by": "terraform",
              "environment": "prod",
              "org": "my-aws-org",
              "ou": "my-ou",
              "owner": "prdgreene@gmail.com"
            },
            "vpc": [],
            "zone_id": "Z10336201ACAMH6ADZHT7"
          },
          "sensitive_attributes": [],
          "private": "bnVsbA=="
        }
      ]
    }
  ],
  "check_results": null
}
